dependencies:
  esphome/micro-opus:
    component_hash: c4cec51b6e45b9b660bf8725a10c65f46485ff8b37ff664e4da3fd738301c71e
    dependencies:
    - name: idf
      require: private
      version: '>=4.4'
    source:
      registry_url: https://components.espressif.com/
      type: service
    version: 0.4.1
  idf:
    source:
      type: idf
    version: 6.1.0
direct_dependencies:
- esphome/micro-opus
- idf
manifest_hash: a40cccd5eca70be54ae234175f2af42d2167f265585a9dce264fb6c902a4e893
target: esp32s3
version: 3.0.0
